
Microsoft Visual Studio Solution File, Format Version 12.00
# Visual Studio Version 16
VisualStudioVersion = 16.0.30517.126
MinimumVisualStudioVersion = 10.0.40219.1
Project("{FAE04EC0-301F-11D3-BF4B-00C04F79EFBC}") = "VendingMachine", "VendingMachine\VendingMachine.csproj", "{7E61AF67-6F9B-486F-8D78-B74C0321634F}"
EndProject
Global
	GlobalSection(SolutionConfigurationPlatforms) = preSolution
		Debug|Any CPU = Debug|Any CPU
		Release|Any CPU = Release|Any CPU
	EndGlobalSection
	GlobalSection(ProjectConfigurationPlatforms) = postSolution
		{7E61AF67-6F9B-486F-8D78-B74C0321634F}.Debug|Any CPU.ActiveCfg = Debug|Any CPU
		{7E61AF67-6F9B-486F-8D78-B74C0321634F}.Debug|Any CPU.Build.0 = Debug|Any CPU
		{7E61AF67-6F9B-486F-8D78-B74C0321634F}.Release|Any CPU.ActiveCfg = Release|Any CPU
		{7E61AF67-6F9B-486F-8D78-B74C0321634F}.Release|Any CPU.Build.0 = Release|Any CPU
	EndGlobalSection
	GlobalSection(SolutionProperties) = preSolution
		HideSolutionNode = FALSE
	EndGlobalSection
	GlobalSection(ExtensibilityGlobals) = postSolution
		SolutionGuid = {3678336F-880C-40B3-B83A-11D01BAA4B89}
	EndGlobalSection
EndGlobal
